// !$*UTF8*$!
{
	archiveVersion = 1;
	classes = {
	};
	objectVersion = 50;
	objects = {

/* Begin PBXBuildFile section */
		92094E2523F6A07F00F94221 /* AppDelegate.swift in Sources */ = {isa = PBXBuildFile; fileRef = 92094E2423F6A07F00F94221 /* AppDelegate.swift */; };
		92094E2723F6A07F00F94221 /* SceneDelegate.swift in Sources */ = {isa = PBXBuildFile; fileRef = 92094E2623F6A07F00F94221 /* SceneDelegate.swift */; };
		92094E2923F6A07F00F94221 /* ViewController.swift in Sources */ = {isa = PBXBuildFile; fileRef = 92094E2823F6A07F00F94221 /* ViewController.swift */; };
		92094E2C23F6A07F00F94221 /* Main.storyboard in Resources */ = {isa = PBXBuildFile; fileRef = 92094E2A23F6A07F00F94221 /* Main.storyboard */; };
		92094E2E23F6A08200F94221 /* Assets.xcassets in Resources */ = {isa = PBXBuildFile; fileRef = 92094E2D23F6A08200F94221 /* Assets.xcassets */; };
		92094E3123F6A08200F94221 /* LaunchScreen.storyboard in Resources */ = {isa = PBXBuildFile; fileRef = 92094E2F23F6A08200F94221 /* LaunchScreen.storyboard */; };
		92094E3C23F6A08200F94221 /* RobustFeedsTests.swift in Sources */ = {isa = PBXBuildFile; fileRef = 92094E3B23F6A08200F94221 /* RobustFeedsTests.swift */; };
/* End PBXBuildFile section */

/* Begin PBXContainerItemProxy section */
		92094E3823F6A08200F94221 /* PBXContainerItemProxy */ = {
			isa = PBXContainerItemProxy;
			containerPortal = 92094E1923F6A07F00F94221 /* Project object */;
			proxyType = 1;
			remoteGlobalIDString = 92094E2023F6A07F00F94221;
			remoteInfo = RobustFeeds;
		};
/* End PBXContainerItemProxy section */

/* Begin PBXFileReference section */
		92094E2123F6A07F00F94221 /* RobustFeeds.app */ = {isa = PBXFileReference; explicitFileType = wrapper.application; includeInIndex = 0; path = RobustFeeds.app; sourceTree = BUILT_PRODUCTS_DIR; };
		92094E2423F6A07F00F94221 /* AppDelegate.swift */ = {isa = PBXFileReference; lastKnownFileType = sourcecode.swift; path = AppDelegate.swift; sourceTree = "<group>"; };
		92094E2623F6A07F00F94221 /* SceneDelegate.swift */ = {isa = PBXFileReference; lastKnownFileType = sourcecode.swift; path = SceneDelegate.swift; sourceTree = "<group>"; };
		92094E2823F6A07F00F94221 /* ViewController.swift */ = {isa = PBXFileReference; lastKnownFileType = sourcecode.swift; path = ViewController.swift; sourceTree = "<group>"; };
		92094E2B23F6A07F00F94221 /* Base */ = {isa = PBXFileReference; lastKnownFileType = file.storyboard; name = Base; path = Base.lproj/Main.storyboard; sourceTree = "<group>"; };
		92094E2D23F6A08200F94221 /* Assets.xcassets */ = {isa = PBXFileReference; lastKnownFileType = folder.assetcatalog; path = Assets.xcassets; sourceTree = "<group>"; };
		92094E3023F6A08200F94221 /* Base */ = {isa = PBXFileReference; lastKnownFileType = file.storyboard; name = Base; path = Base.lproj/LaunchScreen.storyboard; sourceTree = "<group>"; };
		92094E3223F6A08200F94221 /* Info.plist */ = {isa = PBXFileReference; lastKnownFileType = text.plist.xml; path = Info.plist; sourceTree = "<group>"; };
		92094E3723F6A08200F94221 /* RobustFeedsTests.xctest */ = {isa = PBXFileReference; explicitFileType = wrapper.cfbundle; includeInIndex = 0; path = RobustFeedsTests.xctest; sourceTree = BUILT_PRODUCTS_DIR; };
		92094E3B23F6A08200F94221 /* RobustFeedsTests.swift */ = {isa = PBXFileReference; lastKnownFileType = sourcecode.swift; path = RobustFeedsTests.swift; sourceTree = "<group>"; };
		92094E3D23F6A08200F94221 /* Info.plist */ = {isa = PBXFileReference; lastKnownFileType = text.plist.xml; path = Info.plist; sourceTree = "<group>"; };
/* End PBXFileReference section */

/* Begin PBXFrameworksBuildPhase section */
		92094E1E23F6A07F00F94221 /* Frameworks */ = {
			isa = PBXFrameworksBuildPhase;
			buildActionMask = 2147483647;
			files = (
			);
			runOnlyForDeploymentPostprocessing = 0;
		};
		92094E3423F6A08200F94221 /* Frameworks */ = {
			isa = PBXFrameworksBuildPhase;
			buildActionMask = 2147483647;
			files = (
			);
			runOnlyForDeploymentPostprocessing = 0;
		};
/* End PBXFrameworksBuildPhase section */

/* Begin PBXGroup section */
		92094E1823F6A07F00F94221 = {
			isa = PBXGroup;
			children = (
				92094E2323F6A07F00F94221 /* RobustFeeds */,
				92094E3A23F6A08200F94221 /* RobustFeedsTests */,
				92094E2223F6A07F00F94221 /* Products */,
			);
			sourceTree = "<group>";
		};
		92094E2223F6A07F00F94221 /* Products */ = {
			isa = PBXGroup;
			children = (
				92094E2123F6A07F00F94221 /* RobustFeeds.app */,
				92094E3723F6A08200F94221 /* RobustFeedsTests.xctest */,
			);
			name = Products;
			sourceTree = "<group>";
		};
		92094E2323F6A07F00F94221 /* RobustFeeds */ = {
			isa = PBXGroup;
			children = (
				92094E2423F6A07F00F94221 /* AppDelegate.swift */,
				92094E2623F6A07F00F94221 /* SceneDelegate.swift */,
				92094E2823F6A07F00F94221 /* ViewController.swift */,
				92094E2A23F6A07F00F94221 /* Main.storyboard */,
				92094E2D23F6A08200F94221 /* Assets.xcassets */,
				92094E2F23F6A08200F94221 /* LaunchScreen.storyboard */,
				92094E3223F6A08200F94221 /* Info.plist */,
			);
			path = RobustFeeds;
			sourceTree = "<group>";
		};
		92094E3A23F6A08200F94221 /* RobustFeedsTests */ = {
			isa = PBXGroup;
			children = (
				92094E3B23F6A08200F94221 /* RobustFeedsTests.swift */,
				92094E3D23F6A08200F94221 /* Info.plist */,
			);
			path = RobustFeedsTests;
			sourceTree = "<group>";
		};
/* End PBXGroup section */

/* Begin PBXNativeTarget section */
		92094E2023F6A07F00F94221 /* RobustFeeds */ = {
			isa = PBXNativeTarget;
			buildConfigurationList = 92094E4023F6A08200F94221 /* Build configuration list for PBXNativeTarget "RobustFeeds" */;
			buildPhases = (
				92094E1D23F6A07F00F94221 /* Sources */,
				92094E1E23F6A07F00F94221 /* Frameworks */,
				92094E1F23F6A07F00F94221 /* Resources */,
			);
			buildRules = (
			);
			dependencies = (
			);
			name = RobustFeeds;
			productName = RobustFeeds;
			productReference = 92094E2123F6A07F00F94221 /* RobustFeeds.app */;
			productType = "com.apple.product-type.application";
		};
		92094E3623F6A08200F94221 /* RobustFeedsTests */ = {
			isa = PBXNativeTarget;
			buildConfigurationList = 92094E4323F6A08200F94221 /* Build configuration list for PBXNativeTarget "RobustFeedsTests" */;
			buildPhases = (
				92094E3323F6A08200F94221 /* Sources */,
				92094E3423F6A08200F94221 /* Frameworks */,
				92094E3523F6A08200F94221 /* Resources */,
			);
			buildRules = (
			);
			dependencies = (
				92094E3923F6A08200F94221 /* PBXTargetDependency */,
			);
			name = RobustFeedsTests;
			productName = RobustFeedsTests;
			productReference = 92094E3723F6A08200F94221 /* RobustFeedsTests.xctest */;
			productType = "com.apple.product-type.bundle.unit-test";
		};
/* End PBXNativeTarget section */

/* Begin PBXProject section */
		92094E1923F6A07F00F94221 /* Project object */ = {
			isa = PBXProject;
			attributes = {
				LastSwiftUpdateCheck = 1130;
				LastUpgradeCheck = 1130;
				ORGANIZATIONNAME = STP;
				TargetAttributes = {
					92094E2023F6A07F00F94221 = {
						CreatedOnToolsVersion = 11.3;
					};
					92094E3623F6A08200F94221 = {
						CreatedOnToolsVersion = 11.3;
						TestTargetID = 92094E2023F6A07F00F94221;
					};
				};
			};
			buildConfigurationList = 92094E1C23F6A07F00F94221 /* Build configuration list for PBXProject "RobustFeeds" */;
			compatibilityVersion = "Xcode 9.3";
			developmentRegion = en;
			hasScannedForEncodings = 0;
			knownRegions = (
				en,
				Base,
			);
			mainGroup = 92094E1823F6A07F00F94221;
			productRefGroup = 92094E2223F6A07F00F94221 /* Products */;
			projectDirPath = "";
			projectRoot = "";
			targets = (
				92094E2023F6A07F00F94221 /* RobustFeeds */,
				92094E3623F6A08200F94221 /* RobustFeedsTests */,
			);
		};
/* End PBXProject section */

/* Begin PBXResourcesBuildPhase section */
		92094E1F23F6A07F00F94221 /* Resources */ = {
			isa = PBXResourcesBuildPhase;
			buildActionMask = 2147483647;
			files = (
				92094E3123F6A08200F94221 /* LaunchScreen.storyboard in Resources */,
				92094E2E23F6A08200F94221 /* Assets.xcassets in Resources */,
				92094E2C23F6A07F00F94221 /* Main.storyboard in Resources */,
			);
			runOnlyForDeploymentPostprocessing = 0;
		};
		92094E3523F6A08200F94221 /* Resources */ = {
			isa = PBXResourcesBuildPhase;
			buildActionMask = 2147483647;
			files = (
			);
			runOnlyForDeploymentPostprocessing = 0;
		};
/* End PBXResourcesBuildPhase section */

/* Begin PBXSourcesBuildPhase section */
		92094E1D23F6A07F00F94221 /* Sources */ = {
			isa = PBXSourcesBuildPhase;
			buildActionMask = 2147483647;
			files = (
				92094E2923F6A07F00F94221 /* ViewController.swift in Sources */,
				92094E2523F6A07F00F94221 /* AppDelegate.swift in Sources */,
				92094E2723F6A07F00F94221 /* SceneDelegate.swift in Sources */,
			);
			runOnlyForDeploymentPostprocessing = 0;
		};
		92094E3323F6A08200F94221 /* Sources */ = {
			isa = PBXSourcesBuildPhase;
			buildActionMask = 2147483647;
			files = (
				92094E3C23F6A08200F94221 /* RobustFeedsTests.swift in Sources */,
			);
			runOnlyForDeploymentPostprocessing = 0;
		};
/* End PBXSourcesBuildPhase section */

/* Begin PBXTargetDependency section */
		92094E3923F6A08200F94221 /* PBXTargetDependency */ = {
			isa = PBXTargetDependency;
			target = 92094E2023F6A07F00F94221 /* RobustFeeds */;
			targetProxy = 92094E3823F6A08200F94221 /* PBXContainerItemProxy */;
		};
/* End PBXTargetDependency section */

/* Begin PBXVariantGroup section */
		92094E2A23F6A07F00F94221 /* Main.storyboard */ = {
			isa = PBXVariantGroup;
			children = (
				92094E2B23F6A07F00F94221 /* Base */,
			);
			name = Main.storyboard;
			sourceTree = "<group>";
		};
		92094E2F23F6A08200F94221 /* LaunchScreen.storyboard */ = {
			isa = PBXVariantGroup;
			children = (
				92094E3023F6A08200F94221 /* Base */,
			);
			name = LaunchScreen.storyboard;
			sourceTree = "<group>";
		};
/* End PBXVariantGroup section */

/* Begin XCBuildConfiguration section */
		92094E3E23F6A08200F94221 /* Debug */ = {
			isa = XCBuildConfiguration;
			buildSettings = {
				ALWAYS_SEARCH_USER_PATHS = NO;
				CLANG_ANALYZER_NONNULL = YES;
				CLANG_ANALYZER_NUMBER_OBJECT_CONVERSION = YES_AGGRESSIVE;
				CLANG_CXX_LANGUAGE_STANDARD = "gnu++14";
				CLANG_CXX_LIBRARY = "libc++";
				CLANG_ENABLE_MODULES = YES;
				CLANG_ENABLE_OBJC_ARC = YES;
				CLANG_ENABLE_OBJC_WEAK = YES;
				CLANG_WARN_BLOCK_CAPTURE_AUTORELEASING = YES;
				CLANG_WARN_BOOL_CONVERSION = YES;
				CLANG_WARN_COMMA = YES;
				CLANG_WARN_CONSTANT_CONVERSION = YES;
				CLANG_WARN_DEPRECATED_OBJC_IMPLEMENTATIONS = YES;
				CLANG_WARN_DIRECT_OBJC_ISA_USAGE = YES_ERROR;
				CLANG_WARN_DOCUMENTATION_COMMENTS = YES;
				CLANG_WARN_EMPTY_BODY = YES;
				CLANG_WARN_ENUM_CONVERSION = YES;
				CLANG_WARN_INFINITE_RECURSION = YES;
				CLANG_WARN_INT_CONVERSION = YES;
				CLANG_WARN_NON_LITERAL_NULL_CONVERSION = YES;
				CLANG_WARN_OBJC_IMPLICIT_RETAIN_SELF = YES;
				CLANG_WARN_OBJC_LITERAL_CONVERSION = YES;
				CLANG_WARN_OBJC_ROOT_CLASS = YES_ERROR;
				CLANG_WARN_RANGE_LOOP_ANALYSIS = YES;
				CLANG_WARN_STRICT_PROTOTYPES = YES;
				CLANG_WARN_SUSPICIOUS_MOVE = YES;
				CLANG_WARN_UNGUARDED_AVAILABILITY = YES_AGGRESSIVE;
				CLANG_WARN_UNREACHABLE_CODE = YES;
				CLANG_WARN__DUPLICATE_METHOD_MATCH = YES;
				COPY_PHASE_STRIP = NO;
				DEBUG_INFORMATION_FORMAT = dwarf;
				ENABLE_STRICT_OBJC_MSGSEND = YES;
				ENABLE_TESTABILITY = YES;
				GCC_C_LANGUAGE_STANDARD = gnu11;
				GCC_DYNAMIC_NO_PIC = NO;
				GCC_NO_COMMON_BLOCKS = YES;
				GCC_OPTIMIZATION_LEVEL = 0;
				GCC_PREPROCESSOR_DEFINITIONS = (
					"DEBUG=1",
					"$(inherited)",
				);
				GCC_WARN_64_TO_32_BIT_CONVERSION = YES;
				GCC_WARN_ABOUT_RETURN_TYPE = YES_ERROR;
				GCC_WARN_UNDECLARED_SELECTOR = YES;
				GCC_WARN_UNINITIALIZED_AUTOS = YES_AGGRESSIVE;
				GCC_WARN_UNUSED_FUNCTION = YES;
				GCC_WARN_UNUSED_VARIABLE = YES;
				IPHONEOS_DEPLOYMENT_TARGET = 13.2;
				MTL_ENABLE_DEBUG_INFO = INCLUDE_SOURCE;
				MTL_FAST_MATH = YES;
				ONLY_ACTIVE_ARCH = YES;
				SDKROOT = iphoneos;
				SWIFT_ACTIVE_COMPILATION_CONDITIONS = DEBUG;
				SWIFT_OPTIMIZATION_LEVEL = "-Onone";
			};
			name = Debug;
		};
		92094E3F23F6A08200F94221 /* Release */ = {
			isa = XCBuildConfiguration;
			buildSettings = {
				ALWAYS_SEARCH_USER_PATHS = NO;
				CLANG_ANALYZER_NONNULL = YES;
				CLANG_ANALYZER_NUMBER_OBJECT_CONVERSION = YES_AGGRESSIVE;
				CLANG_CXX_LANGUAGE_STANDARD = "gnu++14";
				CLANG_CXX_LIBRARY = "libc++";
				CLANG_ENABLE_MODULES = YES;
				CLANG_ENABLE_OBJC_ARC = YES;
				CLANG_ENABLE_OBJC_WEAK = YES;
				CLANG_WARN_BLOCK_CAPTURE_AUTORELEASING = YES;
				CLANG_WARN_BOOL_CONVERSION = YES;
				CLANG_WARN_COMMA = YES;
				CLANG_WARN_CONSTANT_CONVERSION = YES;
				CLANG_WARN_DEPRECATED_OBJC_IMPLEMENTATIONS = YES;
				CLANG_WARN_DIRECT_OBJC_ISA_USAGE = YES_ERROR;
				CLANG_WARN_DOCUMENTATION_COMMENTS = YES;
				CLANG_WARN_EMPTY_BODY = YES;
				CLANG_WARN_ENUM_CONVERSION = YES;
				CLANG_WARN_INFINITE_RECURSION = YES;
				CLANG_WARN_INT_CONVERSION = YES;
				CLANG_WARN_NON_LITERAL_NULL_CONVERSION = YES;
				CLANG_WARN_OBJC_IMPLICIT_RETAIN_SELF = YES;
				CLANG_WARN_OBJC_LITERAL_CONVERSION = YES;
				CLANG_WARN_OBJC_ROOT_CLASS = YES_ERROR;
				CLANG_WARN_RANGE_LOOP_ANALYSIS = YES;
				CLANG_WARN_STRICT_PROTOTYPES = YES;
				CLANG_WARN_SUSPICIOUS_MOVE = YES;
				CLANG_WARN_UNGUARDED_AVAILABILITY = YES_AGGRESSIVE;
				CLANG_WARN_UNREACHABLE_CODE = YES;
				CLANG_WARN__DUPLICATE_METHOD_MATCH = YES;
				COPY_PHASE_STRIP = NO;
				DEBUG_INFORMATION_FORMAT = "dwarf-with-dsym";
				ENABLE_NS_ASSERTIONS = NO;
				ENABLE_STRICT_OBJC_MSGSEND = YES;
				GCC_C_LANGUAGE_STANDARD = gnu11;
				GCC_NO_COMMON_BLOCKS = YES;
				GCC_WARN_64_TO_32_BIT_CONVERSION = YES;
				GCC_WARN_ABOUT_RETURN_TYPE = YES_ERROR;
				GCC_WARN_UNDECLARED_SELECTOR = YES;
				GCC_WARN_UNINITIALIZED_AUTOS = YES_AGGRESSIVE;
				GCC_WARN_UNUSED_FUNCTION = YES;
				GCC_WARN_UNUSED_VARIABLE = YES;
				IPHONEOS_DEPLOYMENT_TARGET = 13.2;
				MTL_ENABLE_DEBUG_INFO = NO;
				MTL_FAST_MATH = YES;
				SDKROOT = iphoneos;
				SWIFT_COMPILATION_MODE = wholemodule;
				SWIFT_OPTIMIZATION_LEVEL = "-O";
				VALIDATE_PRODUCT = YES;
			};
			name = Release;
		};
		92094E4123F6A08200F94221 /* Debug */ = {
			isa = XCBuildConfiguration;
			buildSettings = {
				ASSETCATALOG_COMPILER_APPICON_NAME = AppIcon;
				CODE_SIGN_STYLE = Automatic;
				DEVELOPMENT_TEAM = RAH94XA8X7;
				INFOPLIST_FILE = RobustFeeds/Info.plist;
				LD_RUNPATH_SEARCH_PATHS = (
					"$(inherited)",
					"@executable_path/Frameworks",
				);
				PRODUCT_BUNDLE_IDENTIFIER = com.schibsted.RobustFeeds;
				PRODUCT_NAME = "$(TARGET_NAME)";
				SWIFT_VERSION = 5.0;
				TARGETED_DEVICE_FAMILY = "1,2";
			};
			name = Debug;
		};
		92094E4223F6A08200F94221 /* Release */ = {
			isa = XCBuildConfiguration;
			buildSettings = {
				ASSETCATALOG_COMPILER_APPICON_NAME = AppIcon;
				CODE_SIGN_STYLE = Automatic;
				DEVELOPMENT_TEAM = RAH94XA8X7;
				INFOPLIST_FILE = RobustFeeds/Info.plist;
				LD_RUNPATH_SEARCH_PATHS = (
					"$(inherited)",
					"@executable_path/Frameworks",
				);
				PRODUCT_BUNDLE_IDENTIFIER = com.schibsted.RobustFeeds;
				PRODUCT_NAME = "$(TARGET_NAME)";
				SWIFT_VERSION = 5.0;
				TARGETED_DEVICE_FAMILY = "1,2";
			};
			name = Release;
		};
		92094E4423F6A08200F94221 /* Debug */ = {
			isa = XCBuildConfiguration;
			buildSettings = {
				ALWAYS_EMBED_SWIFT_STANDARD_LIBRARIES = YES;
				BUNDLE_LOADER = "$(TEST_HOST)";
				CODE_SIGN_STYLE = Automatic;
				DEVELOPMENT_TEAM = RAH94XA8X7;
				INFOPLIST_FILE = RobustFeedsTests/Info.plist;
				IPHONEOS_DEPLOYMENT_TARGET = 13.2;
				LD_RUNPATH_SEARCH_PATHS = (
					"$(inherited)",
					"@executable_path/Frameworks",
					"@loader_path/Frameworks",
				);
				PRODUCT_BUNDLE_IDENTIFIER = com.schibsted.RobustFeedsTests;
				PRODUCT_NAME = "$(TARGET_NAME)";
				SWIFT_VERSION = 5.0;
				TARGETED_DEVICE_FAMILY = "1,2";
				TEST_HOST = "$(BUILT_PRODUCTS_DIR)/RobustFeeds.app/RobustFeeds";
			};
			name = Debug;
		};
		92094E4523F6A08200F94221 /* Release */ = {
			isa = XCBuildConfiguration;
			buildSettings = {
				ALWAYS_EMBED_SWIFT_STANDARD_LIBRARIES = YES;
				BUNDLE_LOADER = "$(TEST_HOST)";
				CODE_SIGN_STYLE = Automatic;
				DEVELOPMENT_TEAM = RAH94XA8X7;
				INFOPLIST_FILE = RobustFeedsTests/Info.plist;
				IPHONEOS_DEPLOYMENT_TARGET = 13.2;
				LD_RUNPATH_SEARCH_PATHS = (
					"$(inherited)",
					"@executable_path/Frameworks",
					"@loader_path/Frameworks",
				);
				PRODUCT_BUNDLE_IDENTIFIER = com.schibsted.RobustFeedsTests;
				PRODUCT_NAME = "$(TARGET_NAME)";
				SWIFT_VERSION = 5.0;
				TARGETED_DEVICE_FAMILY = "1,2";
				TEST_HOST = "$(BUILT_PRODUCTS_DIR)/RobustFeeds.app/RobustFeeds";
			};
			name = Release;
		};
/* End XCBuildConfiguration section */

/* Begin XCConfigurationList section */
		92094E1C23F6A07F00F94221 /* Build configuration list for PBXProject "RobustFeeds" */ = {
			isa = XCConfigurationList;
			buildConfigurations = (
				92094E3E23F6A08200F94221 /* Debug */,
				92094E3F23F6A08200F94221 /* Release */,
			);
			defaultConfigurationIsVisible = 0;
			defaultConfigurationName = Release;
		};
		92094E4023F6A08200F94221 /* Build configuration list for PBXNativeTarget "RobustFeeds" */ = {
			isa = XCConfigurationList;
			buildConfigurations = (
				92094E4123F6A08200F94221 /* Debug */,
				92094E4223F6A08200F94221 /* Release */,
			);
			defaultConfigurationIsVisible = 0;
			defaultConfigurationName = Release;
		};
		92094E4323F6A08200F94221 /* Build configuration list for PBXNativeTarget "RobustFeedsTests" */ = {
			isa = XCConfigurationList;
			buildConfigurations = (
				92094E4423F6A08200F94221 /* Debug */,
				92094E4523F6A08200F94221 /* Release */,
			);
			defaultConfigurationIsVisible = 0;
			defaultConfigurationName = Release;
		};
/* End XCConfigurationList section */
	};
	rootObject = 92094E1923F6A07F00F94221 /* Project object */;
}
